
Microsoft Visual Studio Solution File, Format Version 12.00
# Visual Studio Version 17
VisualStudioVersion = 17.9.34622.214
MinimumVisualStudioVersion = 10.0.40219.1
Project("{FAE04EC0-301F-11D3-BF4B-00C04F79EFBC}") = "Checkpoint-5", "Checkpoint-5\Checkpoint-5.csproj", "{A9CAE5CF-A51B-4F94-AFDA-DAEE6E2FFB9A}"
EndProject
Global
	GlobalSection(SolutionConfigurationPlatforms) = preSolution
		Debug|Any CPU = Debug|Any CPU
		Release|Any CPU = Release|Any CPU
	EndGlobalSection
	GlobalSection(ProjectConfigurationPlatforms) = postSolution
		{A9CAE5CF-A51B-4F94-AFDA-DAEE6E2FFB9A}.Debug|Any CPU.ActiveCfg = Debug|Any CPU
		{A9CAE5CF-A51B-4F94-AFDA-DAEE6E2FFB9A}.Debug|Any CPU.Build.0 = Debug|Any CPU
		{A9CAE5CF-A51B-4F94-AFDA-DAEE6E2FFB9A}.Release|Any CPU.ActiveCfg = Release|Any CPU
		{A9CAE5CF-A51B-4F94-AFDA-DAEE6E2FFB9A}.Release|Any CPU.Build.0 = Release|Any CPU
	EndGlobalSection
	GlobalSection(SolutionProperties) = preSolution
		HideSolutionNode = FALSE
	EndGlobalSection
	GlobalSection(ExtensibilityGlobals) = postSolution
		SolutionGuid = {8E949E7F-8691-446A-B189-0A0179C4AB5D}
	EndGlobalSection
EndGlobal
